
Microsoft Visual Studio Solution File, Format Version 12.00
# Visual Studio Version 17
VisualStudioVersion = 17.5.002.0
MinimumVisualStudioVersion = 10.0.40219.1
Project("{2150E333-8FDC-42A3-9474-1A3956D46DE8}") = "loesungen", "loesungen", "{D9861FFD-5463-4BE7-8B75-9D26A617190A}"
EndProject
Project("{9A19103F-16F7-4668-BE54-9A1E7A4F7556}") = "04_03_calculator", "loesungen\04_03_calculator\04_03_calculator.csproj", "{28E362AA-85DD-4625-B318-E7CB8C593FC7}"
EndProject
Project("{9A19103F-16F7-4668-BE54-9A1E7A4F7556}") = "ChallengeBubblesort", "loesungen\ChallengeBubblesort\ChallengeBubblesort.csproj", "{51BC4783-6188-4EAD-AFE2-AEFA4DA4DD20}"
EndProject
Project("{9A19103F-16F7-4668-BE54-9A1E7A4F7556}") = "02_02", "loesungen\02_02\02_02.csproj", "{487FE82A-DBCF-4DCA-B2FE-643978354E57}"
EndProject
Project("{9A19103F-16F7-4668-BE54-9A1E7A4F7556}") = "02_05", "loesungen\02_05\02_05.csproj", "{2B8CAFCA-E760-476F-8D79-7DF134A41F90}"
EndProject
Project("{9A19103F-16F7-4668-BE54-9A1E7A4F7556}") = "02_04", "loesungen\02_04\02_04.csproj", "{49281483-073D-4F2E-8CB8-593C6A6B663F}"
EndProject
Project("{9A19103F-16F7-4668-BE54-9A1E7A4F7556}") = "02_03", "loesungen\02_03\02_03.csproj", "{F3DC62A6-A5FC-4E5F-92B5-8F524C8E004C}"
EndProject
Project("{9A19103F-16F7-4668-BE54-9A1E7A4F7556}") = "ChallengeZahlenRaten", "loesungen\ChallengeZahlenRaten\ChallengeZahlenRaten.csproj", "{CE01B044-A840-48F6-8DBE-1FA87E1B34BB}"
EndProject
Project("{9A19103F-16F7-4668-BE54-9A1E7A4F7556}") = "02_06", "loesungen\02_06\02_06.csproj", "{02F9448C-75F5-4962-9014-F0F840D69740}"
EndProject
Project("{2150E333-8FDC-42A3-9474-1A3956D46DE8}") = "src", "src", "{78CC8897-7EE1-4E25-96E2-2C0510E25033}"
EndProject
Project("{9A19103F-16F7-4668-BE54-9A1E7A4F7556}") = "04_03_calculator", "src\04_03_calculator\04_03_calculator.csproj", "{F9DBBE0E-24AB-447B-9430-6B0B5AC6DE22}"
EndProject
Project("{9A19103F-16F7-4668-BE54-9A1E7A4F7556}") = "ChallengeBubblesort", "src\ChallengeBubblesort\ChallengeBubblesort.csproj", "{7E1AA418-F549-46E4-B037-1BB41D7B9F04}"
EndProject
Project("{9A19103F-16F7-4668-BE54-9A1E7A4F7556}") = "02_02", "src\02_02\02_02.csproj", "{48099708-3D75-4AFC-AF01-5DEFF9331884}"
EndProject
Project("{9A19103F-16F7-4668-BE54-9A1E7A4F7556}") = "02_05", "src\02_05\02_05.csproj", "{8167E159-82C7-4BD6-B27B-45562FFAB09C}"
EndProject
Project("{9A19103F-16F7-4668-BE54-9A1E7A4F7556}") = "02_04", "src\02_04\02_04.csproj", "{BC59E6BF-5DD9-40AF-B9EF-D74B9C390585}"
EndProject
Project("{9A19103F-16F7-4668-BE54-9A1E7A4F7556}") = "02_03", "src\02_03\02_03.csproj", "{F86AF739-F231-42DF-8985-E7636698D767}"
EndProject
Project("{9A19103F-16F7-4668-BE54-9A1E7A4F7556}") = "ChallengeZahlenRaten", "src\ChallengeZahlenRaten\ChallengeZahlenRaten.csproj", "{95EADBD9-ADCF-49A1-B702-EE2728F2CE27}"
EndProject
Project("{9A19103F-16F7-4668-BE54-9A1E7A4F7556}") = "02_06", "src\02_06\02_06.csproj", "{7DA0D753-150E-48E6-B1A1-BA00A657DDF8}"
EndProject
Global
	GlobalSection(SolutionConfigurationPlatforms) = preSolution
		Debug|Any CPU = Debug|Any CPU
		Release|Any CPU = Release|Any CPU
	EndGlobalSection
	GlobalSection(ProjectConfigurationPlatforms) = postSolution
		{28E362AA-85DD-4625-B318-E7CB8C593FC7}.Debug|Any CPU.ActiveCfg = Debug|Any CPU
		{28E362AA-85DD-4625-B318-E7CB8C593FC7}.Debug|Any CPU.Build.0 = Debug|Any CPU
		{28E362AA-85DD-4625-B318-E7CB8C593FC7}.Release|Any CPU.ActiveCfg = Release|Any CPU
		{28E362AA-85DD-4625-B318-E7CB8C593FC7}.Release|Any CPU.Build.0 = Release|Any CPU
		{51BC4783-6188-4EAD-AFE2-AEFA4DA4DD20}.Debug|Any CPU.ActiveCfg = Debug|Any CPU
		{51BC4783-6188-4EAD-AFE2-AEFA4DA4DD20}.Debug|Any CPU.Build.0 = Debug|Any CPU
		{51BC4783-6188-4EAD-AFE2-AEFA4DA4DD20}.Release|Any CPU.ActiveCfg = Release|Any CPU
		{51BC4783-6188-4EAD-AFE2-AEFA4DA4DD20}.Release|Any CPU.Build.0 = Release|Any CPU
		{487FE82A-DBCF-4DCA-B2FE-643978354E57}.Debug|Any CPU.ActiveCfg = Debug|Any CPU
		{487FE82A-DBCF-4DCA-B2FE-643978354E57}.Debug|Any CPU.Build.0 = Debug|Any CPU
		{487FE82A-DBCF-4DCA-B2FE-643978354E57}.Release|Any CPU.ActiveCfg = Release|Any CPU
		{487FE82A-DBCF-4DCA-B2FE-643978354E57}.Release|Any CPU.Build.0 = Release|Any CPU
		{2B8CAFCA-E760-476F-8D79-7DF134A41F90}.Debug|Any CPU.ActiveCfg = Debug|Any CPU
		{2B8CAFCA-E760-476F-8D79-7DF134A41F90}.Debug|Any CPU.Build.0 = Debug|Any CPU
		{2B8CAFCA-E760-476F-8D79-7DF134A41F90}.Release|Any CPU.ActiveCfg = Release|Any CPU
		{2B8CAFCA-E760-476F-8D79-7DF134A41F90}.Release|Any CPU.Build.0 = Release|Any CPU
		{49281483-073D-4F2E-8CB8-593C6A6B663F}.Debug|Any CPU.ActiveCfg = Debug|Any CPU
		{49281483-073D-4F2E-8CB8-593C6A6B663F}.Debug|Any CPU.Build.0 = Debug|Any CPU
		{49281483-073D-4F2E-8CB8-593C6A6B663F}.Release|Any CPU.ActiveCfg = Release|Any CPU
		{49281483-073D-4F2E-8CB8-593C6A6B663F}.Release|Any CPU.Build.0 = Release|Any CPU
		{F3DC62A6-A5FC-4E5F-92B5-8F524C8E004C}.Debug|Any CPU.ActiveCfg = Debug|Any CPU
		{F3DC62A6-A5FC-4E5F-92B5-8F524C8E004C}.Debug|Any CPU.Build.0 = Debug|Any CPU
		{F3DC62A6-A5FC-4E5F-92B5-8F524C8E004C}.Release|Any CPU.ActiveCfg = Release|Any CPU
		{F3DC62A6-A5FC-4E5F-92B5-8F524C8E004C}.Release|Any CPU.Build.0 = Release|Any CPU
		{CE01B044-A840-48F6-8DBE-1FA87E1B34BB}.Debug|Any CPU.ActiveCfg = Debug|Any CPU
		{CE01B044-A840-48F6-8DBE-1FA87E1B34BB}.Debug|Any CPU.Build.0 = Debug|Any CPU
		{CE01B044-A840-48F6-8DBE-1FA87E1B34BB}.Release|Any CPU.ActiveCfg = Release|Any CPU
		{CE01B044-A840-48F6-8DBE-1FA87E1B34BB}.Release|Any CPU.Build.0 = Release|Any CPU
		{02F9448C-75F5-4962-9014-F0F840D69740}.Debug|Any CPU.ActiveCfg = Debug|Any CPU
		{02F9448C-75F5-4962-9014-F0F840D69740}.Debug|Any CPU.Build.0 = Debug|Any CPU
		{02F9448C-75F5-4962-9014-F0F840D69740}.Release|Any CPU.ActiveCfg = Release|Any CPU
		{02F9448C-75F5-4962-9014-F0F840D69740}.Release|Any CPU.Build.0 = Release|Any CPU
		{F9DBBE0E-24AB-447B-9430-6B0B5AC6DE22}.Debug|Any CPU.ActiveCfg = Debug|Any CPU
		{F9DBBE0E-24AB-447B-9430-6B0B5AC6DE22}.Debug|Any CPU.Build.0 = Debug|Any CPU
		{F9DBBE0E-24AB-447B-9430-6B0B5AC6DE22}.Release|Any CPU.ActiveCfg = Release|Any CPU
		{F9DBBE0E-24AB-447B-9430-6B0B5AC6DE22}.Release|Any CPU.Build.0 = Release|Any CPU
		{7E1AA418-F549-46E4-B037-1BB41D7B9F04}.Debug|Any CPU.ActiveCfg = Debug|Any CPU
		{7E1AA418-F549-46E4-B037-1BB41D7B9F04}.Debug|Any CPU.Build.0 = Debug|Any CPU
		{7E1AA418-F549-46E4-B037-1BB41D7B9F04}.Release|Any CPU.ActiveCfg = Release|Any CPU
		{7E1AA418-F549-46E4-B037-1BB41D7B9F04}.Release|Any CPU.Build.0 = Release|Any CPU
		{48099708-3D75-4AFC-AF01-5DEFF9331884}.Debug|Any CPU.ActiveCfg = Debug|Any CPU
		{48099708-3D75-4AFC-AF01-5DEFF9331884}.Debug|Any CPU.Build.0 = Debug|Any CPU
		{48099708-3D75-4AFC-AF01-5DEFF9331884}.Release|Any CPU.ActiveCfg = Release|Any CPU
		{48099708-3D75-4AFC-AF01-5DEFF9331884}.Release|Any CPU.Build.0 = Release|Any CPU
		{8167E159-82C7-4BD6-B27B-45562FFAB09C}.Debug|Any CPU.ActiveCfg = Debug|Any CPU
		{8167E159-82C7-4BD6-B27B-45562FFAB09C}.Debug|Any CPU.Build.0 = Debug|Any CPU
		{8167E159-82C7-4BD6-B27B-45562FFAB09C}.Release|Any CPU.ActiveCfg = Release|Any CPU
		{8167E159-82C7-4BD6-B27B-45562FFAB09C}.Release|Any CPU.Build.0 = Release|Any CPU
		{BC59E6BF-5DD9-40AF-B9EF-D74B9C390585}.Debug|Any CPU.ActiveCfg = Debug|Any CPU
		{BC59E6BF-5DD9-40AF-B9EF-D74B9C390585}.Debug|Any CPU.Build.0 = Debug|Any CPU
		{BC59E6BF-5DD9-40AF-B9EF-D74B9C390585}.Release|Any CPU.ActiveCfg = Release|Any CPU
		{BC59E6BF-5DD9-40AF-B9EF-D74B9C390585}.Release|Any CPU.Build.0 = Release|Any CPU
		{F86AF739-F231-42DF-8985-E7636698D767}.Debug|Any CPU.ActiveCfg = Debug|Any CPU
		{F86AF739-F231-42DF-8985-E7636698D767}.Debug|Any CPU.Build.0 = Debug|Any CPU
		{F86AF739-F231-42DF-8985-E7636698D767}.Release|Any CPU.ActiveCfg = Release|Any CPU
		{F86AF739-F231-42DF-8985-E7636698D767}.Release|Any CPU.Build.0 = Release|Any CPU
		{95EADBD9-ADCF-49A1-B702-EE2728F2CE27}.Debug|Any CPU.ActiveCfg = Debug|Any CPU
		{95EADBD9-ADCF-49A1-B702-EE2728F2CE27}.Debug|Any CPU.Build.0 = Debug|Any CPU
		{95EADBD9-ADCF-49A1-B702-EE2728F2CE27}.Release|Any CPU.ActiveCfg = Release|Any CPU
		{95EADBD9-ADCF-49A1-B702-EE2728F2CE27}.Release|Any CPU.Build.0 = Release|Any CPU
		{7DA0D753-150E-48E6-B1A1-BA00A657DDF8}.Debug|Any CPU.ActiveCfg = Debug|Any CPU
		{7DA0D753-150E-48E6-B1A1-BA00A657DDF8}.Debug|Any CPU.Build.0 = Debug|Any CPU
		{7DA0D753-150E-48E6-B1A1-BA00A657DDF8}.Release|Any CPU.ActiveCfg = Release|Any CPU
		{7DA0D753-150E-48E6-B1A1-BA00A657DDF8}.Release|Any CPU.Build.0 = Release|Any CPU
	EndGlobalSection
	GlobalSection(SolutionProperties) = preSolution
		HideSolutionNode = FALSE
	EndGlobalSection
	GlobalSection(NestedProjects) = preSolution
		{28E362AA-85DD-4625-B318-E7CB8C593FC7} = {D9861FFD-5463-4BE7-8B75-9D26A617190A}
		{51BC4783-6188-4EAD-AFE2-AEFA4DA4DD20} = {D9861FFD-5463-4BE7-8B75-9D26A617190A}
		{487FE82A-DBCF-4DCA-B2FE-643978354E57} = {D9861FFD-5463-4BE7-8B75-9D26A617190A}
		{2B8CAFCA-E760-476F-8D79-7DF134A41F90} = {D9861FFD-5463-4BE7-8B75-9D26A617190A}
		{49281483-073D-4F2E-8CB8-593C6A6B663F} = {D9861FFD-5463-4BE7-8B75-9D26A617190A}
		{F3DC62A6-A5FC-4E5F-92B5-8F524C8E004C} = {D9861FFD-5463-4BE7-8B75-9D26A617190A}
		{CE01B044-A840-48F6-8DBE-1FA87E1B34BB} = {D9861FFD-5463-4BE7-8B75-9D26A617190A}
		{02F9448C-75F5-4962-9014-F0F840D69740} = {D9861FFD-5463-4BE7-8B75-9D26A617190A}
		{F9DBBE0E-24AB-447B-9430-6B0B5AC6DE22} = {78CC8897-7EE1-4E25-96E2-2C0510E25033}
		{7E1AA418-F549-46E4-B037-1BB41D7B9F04} = {78CC8897-7EE1-4E25-96E2-2C0510E25033}
		{48099708-3D75-4AFC-AF01-5DEFF9331884} = {78CC8897-7EE1-4E25-96E2-2C0510E25033}
		{8167E159-82C7-4BD6-B27B-45562FFAB09C} = {78CC8897-7EE1-4E25-96E2-2C0510E25033}
		{BC59E6BF-5DD9-40AF-B9EF-D74B9C390585} = {78CC8897-7EE1-4E25-96E2-2C0510E25033}
		{F86AF739-F231-42DF-8985-E7636698D767} = {78CC8897-7EE1-4E25-96E2-2C0510E25033}
		{95EADBD9-ADCF-49A1-B702-EE2728F2CE27} = {78CC8897-7EE1-4E25-96E2-2C0510E25033}
		{7DA0D753-150E-48E6-B1A1-BA00A657DDF8} = {78CC8897-7EE1-4E25-96E2-2C0510E25033}
	EndGlobalSection
	GlobalSection(ExtensibilityGlobals) = postSolution
		SolutionGuid = {2A58311B-8884-48A1-ACF1-7D226D320608}
	EndGlobalSection
EndGlobal
